
Microsoft Visual Studio Solution File, Format Version 12.00
# Visual Studio Version 16
VisualStudioVersion = 16.0.31613.86
MinimumVisualStudioVersion = 10.0.40219.1
Project("{FAE04EC0-301F-11D3-BF4B-00C04F79EFBC}") = "Kalapacs", "Kalapacs\Kalapacs.csproj", "{BBBA218B-B93D-4BF8-BA11-E1236A85A98B}"
EndProject
Project("{FAE04EC0-301F-11D3-BF4B-00C04F79EFBC}") = "ADFGVX", "ADFGVX\ADFGVX.csproj", "{5B8558CA-40C3-4BFA-A00A-FF504C4E3768}"
EndProject
Project("{FAE04EC0-301F-11D3-BF4B-00C04F79EFBC}") = "ADFVFXgui", "ADFVFXgui\ADFVFXgui.csproj", "{5E38B877-BA9F-4F1E-A3F6-ED292772EE72}"
EndProject
Project("{FAE04EC0-301F-11D3-BF4B-00C04F79EFBC}") = "Playfair", "Playfair\Playfair.csproj", "{46909CE3-85C7-47BA-83E5-718E28E38B83}"
EndProject
Project("{FAE04EC0-301F-11D3-BF4B-00C04F79EFBC}") = "PlayfairGUI", "PlayfairGUI\PlayfairGUI.csproj", "{C111BDF8-041D-42D3-B5D5-B4C82E77D75C}"
EndProject
Project("{FAE04EC0-301F-11D3-BF4B-00C04F79EFBC}") = "Tenisz", "Tenisz\Tenisz.csproj", "{FE90A3EA-6ED1-4FA2-B7B9-D856CE9EF359}"
EndProject
Project("{FAE04EC0-301F-11D3-BF4B-00C04F79EFBC}") = "Feherjek", "Feherjek\Feherjek.csproj", "{4107489B-1E61-499E-AF91-BBCE846BD3F5}"
EndProject
Global
	GlobalSection(SolutionConfigurationPlatforms) = preSolution
		Debug|Any CPU = Debug|Any CPU
		Release|Any CPU = Release|Any CPU
	EndGlobalSection
	GlobalSection(ProjectConfigurationPlatforms) = postSolution
		{BBBA218B-B93D-4BF8-BA11-E1236A85A98B}.Debug|Any CPU.ActiveCfg = Debug|Any CPU
		{BBBA218B-B93D-4BF8-BA11-E1236A85A98B}.Debug|Any CPU.Build.0 = Debug|Any CPU
		{BBBA218B-B93D-4BF8-BA11-E1236A85A98B}.Release|Any CPU.ActiveCfg = Release|Any CPU
		{BBBA218B-B93D-4BF8-BA11-E1236A85A98B}.Release|Any CPU.Build.0 = Release|Any CPU
		{5B8558CA-40C3-4BFA-A00A-FF504C4E3768}.Debug|Any CPU.ActiveCfg = Debug|Any CPU
		{5B8558CA-40C3-4BFA-A00A-FF504C4E3768}.Debug|Any CPU.Build.0 = Debug|Any CPU
		{5B8558CA-40C3-4BFA-A00A-FF504C4E3768}.Release|Any CPU.ActiveCfg = Release|Any CPU
		{5B8558CA-40C3-4BFA-A00A-FF504C4E3768}.Release|Any CPU.Build.0 = Release|Any CPU
		{5E38B877-BA9F-4F1E-A3F6-ED292772EE72}.Debug|Any CPU.ActiveCfg = Debug|Any CPU
		{5E38B877-BA9F-4F1E-A3F6-ED292772EE72}.Debug|Any CPU.Build.0 = Debug|Any CPU
		{5E38B877-BA9F-4F1E-A3F6-ED292772EE72}.Release|Any CPU.ActiveCfg = Release|Any CPU
		{5E38B877-BA9F-4F1E-A3F6-ED292772EE72}.Release|Any CPU.Build.0 = Release|Any CPU
		{46909CE3-85C7-47BA-83E5-718E28E38B83}.Debug|Any CPU.ActiveCfg = Debug|Any CPU
		{46909CE3-85C7-47BA-83E5-718E28E38B83}.Debug|Any CPU.Build.0 = Debug|Any CPU
		{46909CE3-85C7-47BA-83E5-718E28E38B83}.Release|Any CPU.ActiveCfg = Release|Any CPU
		{46909CE3-85C7-47BA-83E5-718E28E38B83}.Release|Any CPU.Build.0 = Release|Any CPU
		{C111BDF8-041D-42D3-B5D5-B4C82E77D75C}.Debug|Any CPU.ActiveCfg = Debug|Any CPU
		{C111BDF8-041D-42D3-B5D5-B4C82E77D75C}.Debug|Any CPU.Build.0 = Debug|Any CPU
		{C111BDF8-041D-42D3-B5D5-B4C82E77D75C}.Release|Any CPU.ActiveCfg = Release|Any CPU
		{C111BDF8-041D-42D3-B5D5-B4C82E77D75C}.Release|Any CPU.Build.0 = Release|Any CPU
		{FE90A3EA-6ED1-4FA2-B7B9-D856CE9EF359}.Debug|Any CPU.ActiveCfg = Debug|Any CPU
		{FE90A3EA-6ED1-4FA2-B7B9-D856CE9EF359}.Debug|Any CPU.Build.0 = Debug|Any CPU
		{FE90A3EA-6ED1-4FA2-B7B9-D856CE9EF359}.Release|Any CPU.ActiveCfg = Release|Any CPU
		{FE90A3EA-6ED1-4FA2-B7B9-D856CE9EF359}.Release|Any CPU.Build.0 = Release|Any CPU
		{4107489B-1E61-499E-AF91-BBCE846BD3F5}.Debug|Any CPU.ActiveCfg = Debug|Any CPU
		{4107489B-1E61-499E-AF91-BBCE846BD3F5}.Debug|Any CPU.Build.0 = Debug|Any CPU
		{4107489B-1E61-499E-AF91-BBCE846BD3F5}.Release|Any CPU.ActiveCfg = Release|Any CPU
		{4107489B-1E61-499E-AF91-BBCE846BD3F5}.Release|Any CPU.Build.0 = Release|Any CPU
	EndGlobalSection
	GlobalSection(SolutionProperties) = preSolution
		HideSolutionNode = FALSE
	EndGlobalSection
	GlobalSection(ExtensibilityGlobals) = postSolution
		SolutionGuid = {E15DC808-0F87-4DCD-B493-597C63AA3276}
	EndGlobalSection
EndGlobal
