
Microsoft Visual Studio Solution File, Format Version 12.00
# Visual Studio Version 16
VisualStudioVersion = 16.0.31613.86
MinimumVisualStudioVersion = 10.0.40219.1
Project("{FAE04EC0-301F-11D3-BF4B-00C04F79EFBC}") = "Kalapacs", "Kalapacs\Kalapacs.csproj", "{BBBA218B-B93D-4BF8-BA11-E1236A85A98B}"
EndProject
Project("{FAE04EC0-301F-11D3-BF4B-00C04F79EFBC}") = "ADFGVX", "ADFGVX\ADFGVX.csproj", "{5B8558CA-40C3-4BFA-A00A-FF504C4E3768}"
EndProject
Project("{FAE04EC0-301F-11D3-BF4B-00C04F79EFBC}") = "ADFVFXgui", "ADFVFXgui\ADFVFXgui.csproj", "{5E38B877-BA9F-4F1E-A3F6-ED292772EE72}"
EndProject
Project("{FAE04EC0-301F-11D3-BF4B-00C04F79EFBC}") = "Playfair", "Playfair\Playfair.csproj", "{46909CE3-85C7-47BA-83E5-718E28E38B83}"
EndProject
Project("{FAE04EC0-301F-11D3-BF4B-00C04F79EFBC}") = "PlayfairGUI", "PlayfairGUI\PlayfairGUI.csproj", "{C111BDF8-041D-42D3-B5D5-B4C82E77D75C}"
EndProject
Project("{FAE04EC0-301F-11D3-BF4B-00C04F79EFBC}") = "Tenisz", "Tenisz\Tenisz.csproj", "{FE90A3EA-6ED1-4FA2-B7B9-D856CE9EF359}"
EndProject
Project("{FAE04EC0-301F-11D3-BF4B-00C04F79EFBC}") = "Feherjek", "Feherjek\Feherjek.csproj", "{4107489B-1E61-499E-AF91-BBCE846BD3F5}"
EndProject
Project("{FAE04EC0-301F-11D3-BF4B-00C04F79EFBC}") = "Php", "Php\Php.csproj", "{B6BAF85F-EA72-4A0B-AF92-7DBBE3FAD116}"
EndProject
Project("{FAE04EC0-301F-11D3-BF4B-00C04F79EFBC}") = "SZF58_Forma1", "SZF58_Forma1\SZF58_Forma1.csproj", "{A28FCB59-4897-4402-BC27-AC3E38942491}"
EndProject
Project("{FAE04EC0-301F-11D3-BF4B-00C04F79EFBC}") = "Python", "Python\Python.csproj", "{92378377-D52D-4C84-85F9-301A5A183E37}"
EndProject
Project("{FAE04EC0-301F-11D3-BF4B-00C04F79EFBC}") = "SZTF1HF0001", "SZTF1HF0001\SZTF1HF0001.csproj", "{4E48ABB0-852E-4ABB-B44F-688071953791}"
EndProject
Project("{FAE04EC0-301F-11D3-BF4B-00C04F79EFBC}") = "Xlib", "Xlib\Xlib.csproj", "{19EA6E7B-3E43-4DFF-8F1E-E8C9336E1646}"
EndProject
Project("{FAE04EC0-301F-11D3-BF4B-00C04F79EFBC}") = "SZTFKisZH1", "SZTFKisZH1\SZTFKisZH1.csproj", "{2A35D35B-71B5-4C63-8795-5BA62955DAF0}"
EndProject
Project("{FAE04EC0-301F-11D3-BF4B-00C04F79EFBC}") = "SZTF4het", "SZTF4het\SZTF4het.csproj", "{0331F4CF-915F-4CBE-A2F7-31361E9AD3E8}"
EndProject
Project("{FAE04EC0-301F-11D3-BF4B-00C04F79EFBC}") = "Html", "Html\Html.csproj", "{55B36912-B543-43E0-9615-FEC988B49FAE}"
EndProject
Project("{FAE04EC0-301F-11D3-BF4B-00C04F79EFBC}") = "SZTF2Zh1", "SZTF2Zh1\SZTF2Zh1.csproj", "{5A787343-6779-44B3-AE6F-343BE7CA692A}"
EndProject
Project("{FAE04EC0-301F-11D3-BF4B-00C04F79EFBC}") = "SZF58Okt2", "SZF58Okt2\SZF58Okt2.csproj", "{39303C2C-21C8-4519-99CD-9128C51D40B6}"
EndProject
Project("{FAE04EC0-301F-11D3-BF4B-00C04F79EFBC}") = "SZTF15het", "SZTF15het\SZTF15het.csproj", "{D18F07B6-B739-4A26-9A5D-827C5C7ECAC2}"
EndProject
Project("{FAE04EC0-301F-11D3-BF4B-00C04F79EFBC}") = "SZTF1KisZH2", "SZTF1KisZH2\SZTF1KisZH2.csproj", "{FC6A2C87-0561-461E-9CE9-48D5E17B31B1}"
EndProject
Project("{FAE04EC0-301F-11D3-BF4B-00C04F79EFBC}") = "Lotto", "Lotto\Lotto.csproj", "{5713AFF4-A51C-48D8-B52A-1F529F7552C4}"
EndProject
Project("{FAE04EC0-301F-11D3-BF4B-00C04F79EFBC}") = "Felfedezesek", "Felfedezesek\Felfedezesek.csproj", "{75196D55-14C1-4A30-8AE9-3788B1B3B0B2}"
EndProject
Project("{FAE04EC0-301F-11D3-BF4B-00C04F79EFBC}") = "SZTF1KisZh3", "SZTF1KisZh3\SZTF1KisZh3.csproj", "{BDA3805A-8207-4ACC-8EBE-7ADDBE09382C}"
EndProject
Project("{FAE04EC0-301F-11D3-BF4B-00C04F79EFBC}") = "SZTF16het", "SZTF16het\SZTF16het.csproj", "{56C68507-E075-4974-9A99-039B13156753}"
EndProject
Project("{FAE04EC0-301F-11D3-BF4B-00C04F79EFBC}") = "SZTF1HF0010", "SZTF1HF0010\SZTF1HF0010.csproj", "{BECEFD9F-34FB-4DC2-AF88-383BAC77729E}"
EndProject
Project("{FAE04EC0-301F-11D3-BF4B-00C04F79EFBC}") = "SZTF17het", "SZTF17het\SZTF17het.csproj", "{0D7036F2-BFFF-4C04-A7E8-E0EFA58A039B}"
EndProject
Project("{FAE04EC0-301F-11D3-BF4B-00C04F79EFBC}") = "SZTF1Zh1", "SZTF1Zh1\SZTF1Zh1.csproj", "{4E121C12-A055-4A40-BE09-140BED9F5FF1}"
EndProject
Project("{FAE04EC0-301F-11D3-BF4B-00C04F79EFBC}") = "SZTF19het", "SZTF19het\SZTF19het.csproj", "{DA24BA1F-6D7E-4D8A-87A3-C99C40DEC979}"
EndProject
Project("{FAE04EC0-301F-11D3-BF4B-00C04F79EFBC}") = "SZTF1HF0011", "SZTF1HF0011\SZTF1HF0011.csproj", "{383B643F-32F9-4D44-A4CF-6F8034F59541}"
EndProject
Project("{FAE04EC0-301F-11D3-BF4B-00C04F79EFBC}") = "SZTF110het", "SZTF110het\SZTF110het.csproj", "{BDE73EE4-78FD-4B0F-B36E-149E505A8DE6}"
EndProject
Project("{FAE04EC0-301F-11D3-BF4B-00C04F79EFBC}") = "SZTF111het", "SZTF111het\SZTF111het.csproj", "{2EDE190D-9EC2-4E01-89FE-7123A152BD51}"
EndProject
Project("{FAE04EC0-301F-11D3-BF4B-00C04F79EFBC}") = "SZTF1KisZH4", "SZTF1KisZH4\SZTF1KisZH4.csproj", "{33C7FC49-3AB1-4AE2-BF1F-D965B6817578}"
EndProject
Project("{FAE04EC0-301F-11D3-BF4B-00C04F79EFBC}") = "SZTF1HF0012", "SZTF1HF0012\SZTF1HF0012.csproj", "{C0700D1F-DD93-4438-8889-98CFD535F49B}"
EndProject
Project("{FAE04EC0-301F-11D3-BF4B-00C04F79EFBC}") = "SZTF112het", "SZTF112\SZTF112het.csproj", "{F457D39F-3214-4536-822E-66D620A1CDF1}"
EndProject
Global
	GlobalSection(SolutionConfigurationPlatforms) = preSolution
		Debug|Any CPU = Debug|Any CPU
		Release|Any CPU = Release|Any CPU
	EndGlobalSection
	GlobalSection(ProjectConfigurationPlatforms) = postSolution
		{BBBA218B-B93D-4BF8-BA11-E1236A85A98B}.Debug|Any CPU.ActiveCfg = Debug|Any CPU
		{BBBA218B-B93D-4BF8-BA11-E1236A85A98B}.Debug|Any CPU.Build.0 = Debug|Any CPU
		{BBBA218B-B93D-4BF8-BA11-E1236A85A98B}.Release|Any CPU.ActiveCfg = Release|Any CPU
		{BBBA218B-B93D-4BF8-BA11-E1236A85A98B}.Release|Any CPU.Build.0 = Release|Any CPU
		{5B8558CA-40C3-4BFA-A00A-FF504C4E3768}.Debug|Any CPU.ActiveCfg = Debug|Any CPU
		{5B8558CA-40C3-4BFA-A00A-FF504C4E3768}.Debug|Any CPU.Build.0 = Debug|Any CPU
		{5B8558CA-40C3-4BFA-A00A-FF504C4E3768}.Release|Any CPU.ActiveCfg = Release|Any CPU
		{5B8558CA-40C3-4BFA-A00A-FF504C4E3768}.Release|Any CPU.Build.0 = Release|Any CPU
		{5E38B877-BA9F-4F1E-A3F6-ED292772EE72}.Debug|Any CPU.ActiveCfg = Debug|Any CPU
		{5E38B877-BA9F-4F1E-A3F6-ED292772EE72}.Debug|Any CPU.Build.0 = Debug|Any CPU
		{5E38B877-BA9F-4F1E-A3F6-ED292772EE72}.Release|Any CPU.ActiveCfg = Release|Any CPU
		{5E38B877-BA9F-4F1E-A3F6-ED292772EE72}.Release|Any CPU.Build.0 = Release|Any CPU
		{46909CE3-85C7-47BA-83E5-718E28E38B83}.Debug|Any CPU.ActiveCfg = Debug|Any CPU
		{46909CE3-85C7-47BA-83E5-718E28E38B83}.Debug|Any CPU.Build.0 = Debug|Any CPU
		{46909CE3-85C7-47BA-83E5-718E28E38B83}.Release|Any CPU.ActiveCfg = Release|Any CPU
		{46909CE3-85C7-47BA-83E5-718E28E38B83}.Release|Any CPU.Build.0 = Release|Any CPU
		{C111BDF8-041D-42D3-B5D5-B4C82E77D75C}.Debug|Any CPU.ActiveCfg = Debug|Any CPU
		{C111BDF8-041D-42D3-B5D5-B4C82E77D75C}.Debug|Any CPU.Build.0 = Debug|Any CPU
		{C111BDF8-041D-42D3-B5D5-B4C82E77D75C}.Release|Any CPU.ActiveCfg = Release|Any CPU
		{C111BDF8-041D-42D3-B5D5-B4C82E77D75C}.Release|Any CPU.Build.0 = Release|Any CPU
		{FE90A3EA-6ED1-4FA2-B7B9-D856CE9EF359}.Debug|Any CPU.ActiveCfg = Debug|Any CPU
		{FE90A3EA-6ED1-4FA2-B7B9-D856CE9EF359}.Debug|Any CPU.Build.0 = Debug|Any CPU
		{FE90A3EA-6ED1-4FA2-B7B9-D856CE9EF359}.Release|Any CPU.ActiveCfg = Release|Any CPU
		{FE90A3EA-6ED1-4FA2-B7B9-D856CE9EF359}.Release|Any CPU.Build.0 = Release|Any CPU
		{4107489B-1E61-499E-AF91-BBCE846BD3F5}.Debug|Any CPU.ActiveCfg = Debug|Any CPU
		{4107489B-1E61-499E-AF91-BBCE846BD3F5}.Debug|Any CPU.Build.0 = Debug|Any CPU
		{4107489B-1E61-499E-AF91-BBCE846BD3F5}.Release|Any CPU.ActiveCfg = Release|Any CPU
		{4107489B-1E61-499E-AF91-BBCE846BD3F5}.Release|Any CPU.Build.0 = Release|Any CPU
		{B6BAF85F-EA72-4A0B-AF92-7DBBE3FAD116}.Debug|Any CPU.ActiveCfg = Debug|Any CPU
		{B6BAF85F-EA72-4A0B-AF92-7DBBE3FAD116}.Debug|Any CPU.Build.0 = Debug|Any CPU
		{B6BAF85F-EA72-4A0B-AF92-7DBBE3FAD116}.Release|Any CPU.ActiveCfg = Release|Any CPU
		{B6BAF85F-EA72-4A0B-AF92-7DBBE3FAD116}.Release|Any CPU.Build.0 = Release|Any CPU
		{A28FCB59-4897-4402-BC27-AC3E38942491}.Debug|Any CPU.ActiveCfg = Debug|Any CPU
		{A28FCB59-4897-4402-BC27-AC3E38942491}.Debug|Any CPU.Build.0 = Debug|Any CPU
		{A28FCB59-4897-4402-BC27-AC3E38942491}.Release|Any CPU.ActiveCfg = Release|Any CPU
		{A28FCB59-4897-4402-BC27-AC3E38942491}.Release|Any CPU.Build.0 = Release|Any CPU
		{92378377-D52D-4C84-85F9-301A5A183E37}.Debug|Any CPU.ActiveCfg = Debug|Any CPU
		{92378377-D52D-4C84-85F9-301A5A183E37}.Debug|Any CPU.Build.0 = Debug|Any CPU
		{92378377-D52D-4C84-85F9-301A5A183E37}.Release|Any CPU.ActiveCfg = Release|Any CPU
		{92378377-D52D-4C84-85F9-301A5A183E37}.Release|Any CPU.Build.0 = Release|Any CPU
		{4E48ABB0-852E-4ABB-B44F-688071953791}.Debug|Any CPU.ActiveCfg = Debug|Any CPU
		{4E48ABB0-852E-4ABB-B44F-688071953791}.Debug|Any CPU.Build.0 = Debug|Any CPU
		{4E48ABB0-852E-4ABB-B44F-688071953791}.Release|Any CPU.ActiveCfg = Release|Any CPU
		{4E48ABB0-852E-4ABB-B44F-688071953791}.Release|Any CPU.Build.0 = Release|Any CPU
		{19EA6E7B-3E43-4DFF-8F1E-E8C9336E1646}.Debug|Any CPU.ActiveCfg = Debug|Any CPU
		{19EA6E7B-3E43-4DFF-8F1E-E8C9336E1646}.Debug|Any CPU.Build.0 = Debug|Any CPU
		{19EA6E7B-3E43-4DFF-8F1E-E8C9336E1646}.Release|Any CPU.ActiveCfg = Release|Any CPU
		{19EA6E7B-3E43-4DFF-8F1E-E8C9336E1646}.Release|Any CPU.Build.0 = Release|Any CPU
		{2A35D35B-71B5-4C63-8795-5BA62955DAF0}.Debug|Any CPU.ActiveCfg = Debug|Any CPU
		{2A35D35B-71B5-4C63-8795-5BA62955DAF0}.Debug|Any CPU.Build.0 = Debug|Any CPU
		{2A35D35B-71B5-4C63-8795-5BA62955DAF0}.Release|Any CPU.ActiveCfg = Release|Any CPU
		{2A35D35B-71B5-4C63-8795-5BA62955DAF0}.Release|Any CPU.Build.0 = Release|Any CPU
		{0331F4CF-915F-4CBE-A2F7-31361E9AD3E8}.Debug|Any CPU.ActiveCfg = Debug|Any CPU
		{0331F4CF-915F-4CBE-A2F7-31361E9AD3E8}.Debug|Any CPU.Build.0 = Debug|Any CPU
		{0331F4CF-915F-4CBE-A2F7-31361E9AD3E8}.Release|Any CPU.ActiveCfg = Release|Any CPU
		{0331F4CF-915F-4CBE-A2F7-31361E9AD3E8}.Release|Any CPU.Build.0 = Release|Any CPU
		{55B36912-B543-43E0-9615-FEC988B49FAE}.Debug|Any CPU.ActiveCfg = Debug|Any CPU
		{55B36912-B543-43E0-9615-FEC988B49FAE}.Debug|Any CPU.Build.0 = Debug|Any CPU
		{55B36912-B543-43E0-9615-FEC988B49FAE}.Release|Any CPU.ActiveCfg = Release|Any CPU
		{55B36912-B543-43E0-9615-FEC988B49FAE}.Release|Any CPU.Build.0 = Release|Any CPU
		{5A787343-6779-44B3-AE6F-343BE7CA692A}.Debug|Any CPU.ActiveCfg = Debug|Any CPU
		{5A787343-6779-44B3-AE6F-343BE7CA692A}.Debug|Any CPU.Build.0 = Debug|Any CPU
		{5A787343-6779-44B3-AE6F-343BE7CA692A}.Release|Any CPU.ActiveCfg = Release|Any CPU
		{5A787343-6779-44B3-AE6F-343BE7CA692A}.Release|Any CPU.Build.0 = Release|Any CPU
		{39303C2C-21C8-4519-99CD-9128C51D40B6}.Debug|Any CPU.ActiveCfg = Debug|Any CPU
		{39303C2C-21C8-4519-99CD-9128C51D40B6}.Debug|Any CPU.Build.0 = Debug|Any CPU
		{39303C2C-21C8-4519-99CD-9128C51D40B6}.Release|Any CPU.ActiveCfg = Release|Any CPU
		{39303C2C-21C8-4519-99CD-9128C51D40B6}.Release|Any CPU.Build.0 = Release|Any CPU
		{D18F07B6-B739-4A26-9A5D-827C5C7ECAC2}.Debug|Any CPU.ActiveCfg = Debug|Any CPU
		{D18F07B6-B739-4A26-9A5D-827C5C7ECAC2}.Debug|Any CPU.Build.0 = Debug|Any CPU
		{D18F07B6-B739-4A26-9A5D-827C5C7ECAC2}.Release|Any CPU.ActiveCfg = Release|Any CPU
		{D18F07B6-B739-4A26-9A5D-827C5C7ECAC2}.Release|Any CPU.Build.0 = Release|Any CPU
		{FC6A2C87-0561-461E-9CE9-48D5E17B31B1}.Debug|Any CPU.ActiveCfg = Debug|Any CPU
		{FC6A2C87-0561-461E-9CE9-48D5E17B31B1}.Debug|Any CPU.Build.0 = Debug|Any CPU
		{FC6A2C87-0561-461E-9CE9-48D5E17B31B1}.Release|Any CPU.ActiveCfg = Release|Any CPU
		{FC6A2C87-0561-461E-9CE9-48D5E17B31B1}.Release|Any CPU.Build.0 = Release|Any CPU
		{5713AFF4-A51C-48D8-B52A-1F529F7552C4}.Debug|Any CPU.ActiveCfg = Debug|Any CPU
		{5713AFF4-A51C-48D8-B52A-1F529F7552C4}.Debug|Any CPU.Build.0 = Debug|Any CPU
		{5713AFF4-A51C-48D8-B52A-1F529F7552C4}.Release|Any CPU.ActiveCfg = Release|Any CPU
		{5713AFF4-A51C-48D8-B52A-1F529F7552C4}.Release|Any CPU.Build.0 = Release|Any CPU
		{75196D55-14C1-4A30-8AE9-3788B1B3B0B2}.Debug|Any CPU.ActiveCfg = Debug|Any CPU
		{75196D55-14C1-4A30-8AE9-3788B1B3B0B2}.Debug|Any CPU.Build.0 = Debug|Any CPU
		{75196D55-14C1-4A30-8AE9-3788B1B3B0B2}.Release|Any CPU.ActiveCfg = Release|Any CPU
		{75196D55-14C1-4A30-8AE9-3788B1B3B0B2}.Release|Any CPU.Build.0 = Release|Any CPU
		{BDA3805A-8207-4ACC-8EBE-7ADDBE09382C}.Debug|Any CPU.ActiveCfg = Debug|Any CPU
		{BDA3805A-8207-4ACC-8EBE-7ADDBE09382C}.Debug|Any CPU.Build.0 = Debug|Any CPU
		{BDA3805A-8207-4ACC-8EBE-7ADDBE09382C}.Release|Any CPU.ActiveCfg = Release|Any CPU
		{BDA3805A-8207-4ACC-8EBE-7ADDBE09382C}.Release|Any CPU.Build.0 = Release|Any CPU
		{56C68507-E075-4974-9A99-039B13156753}.Debug|Any CPU.ActiveCfg = Debug|Any CPU
		{56C68507-E075-4974-9A99-039B13156753}.Debug|Any CPU.Build.0 = Debug|Any CPU
		{56C68507-E075-4974-9A99-039B13156753}.Release|Any CPU.ActiveCfg = Release|Any CPU
		{56C68507-E075-4974-9A99-039B13156753}.Release|Any CPU.Build.0 = Release|Any CPU
		{BECEFD9F-34FB-4DC2-AF88-383BAC77729E}.Debug|Any CPU.ActiveCfg = Debug|Any CPU
		{BECEFD9F-34FB-4DC2-AF88-383BAC77729E}.Debug|Any CPU.Build.0 = Debug|Any CPU
		{BECEFD9F-34FB-4DC2-AF88-383BAC77729E}.Release|Any CPU.ActiveCfg = Release|Any CPU
		{BECEFD9F-34FB-4DC2-AF88-383BAC77729E}.Release|Any CPU.Build.0 = Release|Any CPU
		{0D7036F2-BFFF-4C04-A7E8-E0EFA58A039B}.Debug|Any CPU.ActiveCfg = Debug|Any CPU
		{0D7036F2-BFFF-4C04-A7E8-E0EFA58A039B}.Debug|Any CPU.Build.0 = Debug|Any CPU
		{0D7036F2-BFFF-4C04-A7E8-E0EFA58A039B}.Release|Any CPU.ActiveCfg = Release|Any CPU
		{0D7036F2-BFFF-4C04-A7E8-E0EFA58A039B}.Release|Any CPU.Build.0 = Release|Any CPU
		{4E121C12-A055-4A40-BE09-140BED9F5FF1}.Debug|Any CPU.ActiveCfg = Debug|Any CPU
		{4E121C12-A055-4A40-BE09-140BED9F5FF1}.Debug|Any CPU.Build.0 = Debug|Any CPU
		{4E121C12-A055-4A40-BE09-140BED9F5FF1}.Release|Any CPU.ActiveCfg = Release|Any CPU
		{4E121C12-A055-4A40-BE09-140BED9F5FF1}.Release|Any CPU.Build.0 = Release|Any CPU
		{DA24BA1F-6D7E-4D8A-87A3-C99C40DEC979}.Debug|Any CPU.ActiveCfg = Debug|Any CPU
		{DA24BA1F-6D7E-4D8A-87A3-C99C40DEC979}.Debug|Any CPU.Build.0 = Debug|Any CPU
		{DA24BA1F-6D7E-4D8A-87A3-C99C40DEC979}.Release|Any CPU.ActiveCfg = Release|Any CPU
		{DA24BA1F-6D7E-4D8A-87A3-C99C40DEC979}.Release|Any CPU.Build.0 = Release|Any CPU
		{383B643F-32F9-4D44-A4CF-6F8034F59541}.Debug|Any CPU.ActiveCfg = Debug|Any CPU
		{383B643F-32F9-4D44-A4CF-6F8034F59541}.Debug|Any CPU.Build.0 = Debug|Any CPU
		{383B643F-32F9-4D44-A4CF-6F8034F59541}.Release|Any CPU.ActiveCfg = Release|Any CPU
		{383B643F-32F9-4D44-A4CF-6F8034F59541}.Release|Any CPU.Build.0 = Release|Any CPU
		{BDE73EE4-78FD-4B0F-B36E-149E505A8DE6}.Debug|Any CPU.ActiveCfg = Debug|Any CPU
		{BDE73EE4-78FD-4B0F-B36E-149E505A8DE6}.Debug|Any CPU.Build.0 = Debug|Any CPU
		{BDE73EE4-78FD-4B0F-B36E-149E505A8DE6}.Release|Any CPU.ActiveCfg = Release|Any CPU
		{BDE73EE4-78FD-4B0F-B36E-149E505A8DE6}.Release|Any CPU.Build.0 = Release|Any CPU
		{2EDE190D-9EC2-4E01-89FE-7123A152BD51}.Debug|Any CPU.ActiveCfg = Debug|Any CPU
		{2EDE190D-9EC2-4E01-89FE-7123A152BD51}.Debug|Any CPU.Build.0 = Debug|Any CPU
		{2EDE190D-9EC2-4E01-89FE-7123A152BD51}.Release|Any CPU.ActiveCfg = Release|Any CPU
		{2EDE190D-9EC2-4E01-89FE-7123A152BD51}.Release|Any CPU.Build.0 = Release|Any CPU
		{33C7FC49-3AB1-4AE2-BF1F-D965B6817578}.Debug|Any CPU.ActiveCfg = Debug|Any CPU
		{33C7FC49-3AB1-4AE2-BF1F-D965B6817578}.Debug|Any CPU.Build.0 = Debug|Any CPU
		{33C7FC49-3AB1-4AE2-BF1F-D965B6817578}.Release|Any CPU.ActiveCfg = Release|Any CPU
		{33C7FC49-3AB1-4AE2-BF1F-D965B6817578}.Release|Any CPU.Build.0 = Release|Any CPU
		{C0700D1F-DD93-4438-8889-98CFD535F49B}.Debug|Any CPU.ActiveCfg = Debug|Any CPU
		{C0700D1F-DD93-4438-8889-98CFD535F49B}.Debug|Any CPU.Build.0 = Debug|Any CPU
		{C0700D1F-DD93-4438-8889-98CFD535F49B}.Release|Any CPU.ActiveCfg = Release|Any CPU
		{C0700D1F-DD93-4438-8889-98CFD535F49B}.Release|Any CPU.Build.0 = Release|Any CPU
		{F457D39F-3214-4536-822E-66D620A1CDF1}.Debug|Any CPU.ActiveCfg = Debug|Any CPU
		{F457D39F-3214-4536-822E-66D620A1CDF1}.Debug|Any CPU.Build.0 = Debug|Any CPU
		{F457D39F-3214-4536-822E-66D620A1CDF1}.Release|Any CPU.ActiveCfg = Release|Any CPU
		{F457D39F-3214-4536-822E-66D620A1CDF1}.Release|Any CPU.Build.0 = Release|Any CPU
	EndGlobalSection
	GlobalSection(SolutionProperties) = preSolution
		HideSolutionNode = FALSE
	EndGlobalSection
	GlobalSection(ExtensibilityGlobals) = postSolution
		SolutionGuid = {E15DC808-0F87-4DCD-B493-597C63AA3276}
	EndGlobalSection
EndGlobal
